{
  "requires": true,
  "lockfileVersion": 1,
  "dependencies": {
    "@steelbreeze/state": {
      "version": "8.1.3",
      "resolved": "https://registry.npmjs.org/@steelbreeze/state/-/state-8.1.3.tgz",
      "integrity": "sha512-1/HKhjKlczWvfdbJCPP9S0sagcsLtKfVNUqjqXFnzUXuXymQZi6fL+jlLHrbTt6pwYSeXuDXQD7EbbmLlgN9UQ=="
    }
  }
}
